
Microsoft Visual Studio Solution File, Format Version 12.00
# Visual Studio 14
VisualStudioVersion = 14.0.23107.0
MinimumVisualStudioVersion = 10.0.40219.1
Project("{FAE04EC0-301F-11D3-BF4B-00C04F79EFBC}") = "Sketch.ViewModel", "Sketch.ViewModel\Sketch.ViewModel.csproj", "{81F5E6AE-D3E0-44BF-BDEC-4BE4A222A09F}"
EndProject
Project("{FAE04EC0-301F-11D3-BF4B-00C04F79EFBC}") = "Sketch.Model", "Sketch.Model\Sketch.Model.csproj", "{6149C48F-86DE-4691-A8AB-07F6A66E81A4}"
EndProject
Project("{FAE04EC0-301F-11D3-BF4B-00C04F79EFBC}") = "Tools.Model", "Tools.Model\Tools.Model.csproj", "{8186A7AA-0320-4BF9-A9EE-6784C605DA01}"
EndProject
Project("{FAE04EC0-301F-11D3-BF4B-00C04F79EFBC}") = "Tools.View", "Tools.View\Tools.View.csproj", "{42867C6C-713E-4407-9D47-2226C601FB4A}"
EndProject
Project("{FAE04EC0-301F-11D3-BF4B-00C04F79EFBC}") = "Sketch.View", "Sketch.View\Sketch.View.csproj", "{2E3884A0-7585-4DDF-9C6C-A063209E66EC}"
EndProject
Project("{FAE04EC0-301F-11D3-BF4B-00C04F79EFBC}") = "Sketch.ViewModel.Interface", "Sketch.ViewModel.Interface\Sketch.ViewModel.Interface.csproj", "{A6AA3629-2AB9-4624-B0F8-15F0F67F5EE2}"
EndProject
Project("{FAE04EC0-301F-11D3-BF4B-00C04F79EFBC}") = "Sketch.ViewModel.Visual", "Sketch.ViewModel.Visual\Sketch.ViewModel.Visual.csproj", "{4C5A48FC-A803-4195-9068-5564F7619D83}"
EndProject
Project("{FAE04EC0-301F-11D3-BF4B-00C04F79EFBC}") = "Sketch.Model.Interface", "Sketch.Model.Interface\Sketch.Model.Interface.csproj", "{2F4BE5AB-9FF4-45B5-8B8B-CACA40914E14}"
EndProject
Project("{FAE04EC0-301F-11D3-BF4B-00C04F79EFBC}") = "Sketch.ViewModel.Design", "Sketch.ViewModel.Design\Sketch.ViewModel.Design.csproj", "{E05CA886-941F-4A85-9DDA-FE32C4769AC3}"
EndProject
Project("{FAE04EC0-301F-11D3-BF4B-00C04F79EFBC}") = "Sketch.Runner", "Sketch.Runner\Sketch.Runner.csproj", "{F30509C2-3DFE-44EA-88EE-2CA9B20FF82C}"
EndProject
Project("{FAE04EC0-301F-11D3-BF4B-00C04F79EFBC}") = "Sketch.ViewModel.DataTransfer", "Sketch.ViewModel.DataTransfer\Sketch.ViewModel.DataTransfer.csproj", "{531A805E-1773-4CB1-B829-260FE97E3D3B}"
EndProject
Project("{FAE04EC0-301F-11D3-BF4B-00C04F79EFBC}") = "Sketch.ViewModel.DataTransfer.Interface", "Sketch.ViewModel.DataTransfer.Interface\Sketch.ViewModel.DataTransfer.Interface.csproj", "{7A496595-5BB1-4A0B-92F3-0A142AC43D71}"
EndProject
Project("{FAE04EC0-301F-11D3-BF4B-00C04F79EFBC}") = "Sketch.ViewModel.Test", "Sketch.ViewModel.Test\Sketch.ViewModel.Test.csproj", "{1D1C46A8-D20C-4783-954E-8393E85151CF}"
EndProject
Project("{FAE04EC0-301F-11D3-BF4B-00C04F79EFBC}") = "Sketch.Scheme", "Sketch.Scheme\Sketch.Scheme.csproj", "{98C51BFF-FEC2-451E-AC9A-8EA0DE7A39CC}"
EndProject
Global
	GlobalSection(SolutionConfigurationPlatforms) = preSolution
		Debug|Any CPU = Debug|Any CPU
		Release|Any CPU = Release|Any CPU
	EndGlobalSection
	GlobalSection(ProjectConfigurationPlatforms) = postSolution
		{81F5E6AE-D3E0-44BF-BDEC-4BE4A222A09F}.Debug|Any CPU.ActiveCfg = Debug|Any CPU
		{81F5E6AE-D3E0-44BF-BDEC-4BE4A222A09F}.Debug|Any CPU.Build.0 = Debug|Any CPU
		{81F5E6AE-D3E0-44BF-BDEC-4BE4A222A09F}.Release|Any CPU.ActiveCfg = Release|Any CPU
		{81F5E6AE-D3E0-44BF-BDEC-4BE4A222A09F}.Release|Any CPU.Build.0 = Release|Any CPU
		{6149C48F-86DE-4691-A8AB-07F6A66E81A4}.Debug|Any CPU.ActiveCfg = Debug|Any CPU
		{6149C48F-86DE-4691-A8AB-07F6A66E81A4}.Debug|Any CPU.Build.0 = Debug|Any CPU
		{6149C48F-86DE-4691-A8AB-07F6A66E81A4}.Release|Any CPU.ActiveCfg = Release|Any CPU
		{6149C48F-86DE-4691-A8AB-07F6A66E81A4}.Release|Any CPU.Build.0 = Release|Any CPU
		{8186A7AA-0320-4BF9-A9EE-6784C605DA01}.Debug|Any CPU.ActiveCfg = Debug|Any CPU
		{8186A7AA-0320-4BF9-A9EE-6784C605DA01}.Debug|Any CPU.Build.0 = Debug|Any CPU
		{8186A7AA-0320-4BF9-A9EE-6784C605DA01}.Release|Any CPU.ActiveCfg = Release|Any CPU
		{8186A7AA-0320-4BF9-A9EE-6784C605DA01}.Release|Any CPU.Build.0 = Release|Any CPU
		{42867C6C-713E-4407-9D47-2226C601FB4A}.Debug|Any CPU.ActiveCfg = Debug|Any CPU
		{42867C6C-713E-4407-9D47-2226C601FB4A}.Debug|Any CPU.Build.0 = Debug|Any CPU
		{42867C6C-713E-4407-9D47-2226C601FB4A}.Release|Any CPU.ActiveCfg = Release|Any CPU
		{42867C6C-713E-4407-9D47-2226C601FB4A}.Release|Any CPU.Build.0 = Release|Any CPU
		{2E3884A0-7585-4DDF-9C6C-A063209E66EC}.Debug|Any CPU.ActiveCfg = Debug|Any CPU
		{2E3884A0-7585-4DDF-9C6C-A063209E66EC}.Debug|Any CPU.Build.0 = Debug|Any CPU
		{2E3884A0-7585-4DDF-9C6C-A063209E66EC}.Release|Any CPU.ActiveCfg = Release|Any CPU
		{2E3884A0-7585-4DDF-9C6C-A063209E66EC}.Release|Any CPU.Build.0 = Release|Any CPU
		{A6AA3629-2AB9-4624-B0F8-15F0F67F5EE2}.Debug|Any CPU.ActiveCfg = Debug|Any CPU
		{A6AA3629-2AB9-4624-B0F8-15F0F67F5EE2}.Debug|Any CPU.Build.0 = Debug|Any CPU
		{A6AA3629-2AB9-4624-B0F8-15F0F67F5EE2}.Release|Any CPU.ActiveCfg = Release|Any CPU
		{A6AA3629-2AB9-4624-B0F8-15F0F67F5EE2}.Release|Any CPU.Build.0 = Release|Any CPU
		{4C5A48FC-A803-4195-9068-5564F7619D83}.Debug|Any CPU.ActiveCfg = Debug|Any CPU
		{4C5A48FC-A803-4195-9068-5564F7619D83}.Debug|Any CPU.Build.0 = Debug|Any CPU
		{4C5A48FC-A803-4195-9068-5564F7619D83}.Release|Any CPU.ActiveCfg = Release|Any CPU
		{4C5A48FC-A803-4195-9068-5564F7619D83}.Release|Any CPU.Build.0 = Release|Any CPU
		{2F4BE5AB-9FF4-45B5-8B8B-CACA40914E14}.Debug|Any CPU.ActiveCfg = Debug|Any CPU
		{2F4BE5AB-9FF4-45B5-8B8B-CACA40914E14}.Debug|Any CPU.Build.0 = Debug|Any CPU
		{2F4BE5AB-9FF4-45B5-8B8B-CACA40914E14}.Release|Any CPU.ActiveCfg = Release|Any CPU
		{2F4BE5AB-9FF4-45B5-8B8B-CACA40914E14}.Release|Any CPU.Build.0 = Release|Any CPU
		{E05CA886-941F-4A85-9DDA-FE32C4769AC3}.Debug|Any CPU.ActiveCfg = Debug|Any CPU
		{E05CA886-941F-4A85-9DDA-FE32C4769AC3}.Debug|Any CPU.Build.0 = Debug|Any CPU
		{E05CA886-941F-4A85-9DDA-FE32C4769AC3}.Release|Any CPU.ActiveCfg = Release|Any CPU
		{E05CA886-941F-4A85-9DDA-FE32C4769AC3}.Release|Any CPU.Build.0 = Release|Any CPU
		{F30509C2-3DFE-44EA-88EE-2CA9B20FF82C}.Debug|Any CPU.ActiveCfg = Debug|Any CPU
		{F30509C2-3DFE-44EA-88EE-2CA9B20FF82C}.Debug|Any CPU.Build.0 = Debug|Any CPU
		{F30509C2-3DFE-44EA-88EE-2CA9B20FF82C}.Release|Any CPU.ActiveCfg = Release|Any CPU
		{F30509C2-3DFE-44EA-88EE-2CA9B20FF82C}.Release|Any CPU.Build.0 = Release|Any CPU
		{531A805E-1773-4CB1-B829-260FE97E3D3B}.Debug|Any CPU.ActiveCfg = Debug|Any CPU
		{531A805E-1773-4CB1-B829-260FE97E3D3B}.Debug|Any CPU.Build.0 = Debug|Any CPU
		{531A805E-1773-4CB1-B829-260FE97E3D3B}.Release|Any CPU.ActiveCfg = Release|Any CPU
		{531A805E-1773-4CB1-B829-260FE97E3D3B}.Release|Any CPU.Build.0 = Release|Any CPU
		{7A496595-5BB1-4A0B-92F3-0A142AC43D71}.Debug|Any CPU.ActiveCfg = Debug|Any CPU
		{7A496595-5BB1-4A0B-92F3-0A142AC43D71}.Debug|Any CPU.Build.0 = Debug|Any CPU
		{7A496595-5BB1-4A0B-92F3-0A142AC43D71}.Release|Any CPU.ActiveCfg = Release|Any CPU
		{7A496595-5BB1-4A0B-92F3-0A142AC43D71}.Release|Any CPU.Build.0 = Release|Any CPU
		{1D1C46A8-D20C-4783-954E-8393E85151CF}.Debug|Any CPU.ActiveCfg = Debug|Any CPU
		{1D1C46A8-D20C-4783-954E-8393E85151CF}.Debug|Any CPU.Build.0 = Debug|Any CPU
		{1D1C46A8-D20C-4783-954E-8393E85151CF}.Release|Any CPU.ActiveCfg = Release|Any CPU
		{1D1C46A8-D20C-4783-954E-8393E85151CF}.Release|Any CPU.Build.0 = Release|Any CPU
		{98C51BFF-FEC2-451E-AC9A-8EA0DE7A39CC}.Debug|Any CPU.ActiveCfg = Debug|Any CPU
		{98C51BFF-FEC2-451E-AC9A-8EA0DE7A39CC}.Debug|Any CPU.Build.0 = Debug|Any CPU
		{98C51BFF-FEC2-451E-AC9A-8EA0DE7A39CC}.Release|Any CPU.ActiveCfg = Release|Any CPU
		{98C51BFF-FEC2-451E-AC9A-8EA0DE7A39CC}.Release|Any CPU.Build.0 = Release|Any CPU
	EndGlobalSection
	GlobalSection(SolutionProperties) = preSolution
		HideSolutionNode = FALSE
	EndGlobalSection
EndGlobal
